
Microsoft Visual Studio Solution File, Format Version 12.00
# Visual Studio 15
VisualStudioVersion = 15.0.25807.0
MinimumVisualStudioVersion = 10.0.40219.1
Project("{2150E333-8FDC-42A3-9474-1A3956D46DE8}") = "Engine", "Engine", "{CF5CDEFA-CA79-47CF-9AC8-CB5EF44357EB}"
EndProject
Project("{2150E333-8FDC-42A3-9474-1A3956D46DE8}") = "Games", "Games", "{9D18742B-F103-4784-85BF-533BD8550F73}"
EndProject
Project("{8BC9CEB8-8B4A-11D0-8D11-00A0C91BC942}") = "UE4", "Intermediate\ProjectFiles\UE4.vcxproj", "{CC0D6DEB-DAE9-4024-B94A-DD39620D08AE}"
EndProject
Project("{8BC9CEB8-8B4A-11D0-8D11-00A0C91BC942}") = "StoneDefence", "Intermediate\ProjectFiles\StoneDefence.vcxproj", "{9B28B434-C01B-49CE-8798-3DBEEA5A9243}"
EndProject
Project("{2150E333-8FDC-42A3-9474-1A3956D46DE8}") = "Visualizers", "Visualizers", "{83AA639F-FE83-460A-BF37-9EBAF551FBC1}"
	ProjectSection(SolutionItems) = preProject
		..\..\..\..\Program Files\Epic Games\UE_4.24\Engine\Extras\VisualStudioDebugging\UE4.natvis = ..\..\..\..\Program Files\Epic Games\UE_4.24\Engine\Extras\VisualStudioDebugging\UE4.natvis
	EndProjectSection
EndProject
Global
	GlobalSection(SolutionConfigurationPlatforms) = preSolution
		DebugGame Editor|Android = DebugGame Editor|Android
		DebugGame Editor|IOS = DebugGame Editor|IOS
		DebugGame Editor|Win32 = DebugGame Editor|Win32
		DebugGame Editor|Win64 = DebugGame Editor|Win64
		DebugGame|Android = DebugGame|Android
		DebugGame|IOS = DebugGame|IOS
		DebugGame|Win32 = DebugGame|Win32
		DebugGame|Win64 = DebugGame|Win64
		Development Editor|Android = Development Editor|Android
		Development Editor|IOS = Development Editor|IOS
		Development Editor|Win32 = Development Editor|Win32
		Development Editor|Win64 = Development Editor|Win64
		Development|Android = Development|Android
		Development|IOS = Development|IOS
		Development|Win32 = Development|Win32
		Development|Win64 = Development|Win64
		Shipping|Android = Shipping|Android
		Shipping|IOS = Shipping|IOS
		Shipping|Win32 = Shipping|Win32
		Shipping|Win64 = Shipping|Win64
	EndGlobalSection
	GlobalSection(ProjectConfigurationPlatforms) = postSolution
		{CC0D6DEB-DAE9-4024-B94A-DD39620D08AE}.DebugGame Editor|Android.ActiveCfg = BuiltWithUnrealBuildTool|Win32
		{CC0D6DEB-DAE9-4024-B94A-DD39620D08AE}.DebugGame Editor|IOS.ActiveCfg = BuiltWithUnrealBuildTool|Win32
		{CC0D6DEB-DAE9-4024-B94A-DD39620D08AE}.DebugGame Editor|Win32.ActiveCfg = BuiltWithUnrealBuildTool|Win32
		{CC0D6DEB-DAE9-4024-B94A-DD39620D08AE}.DebugGame Editor|Win64.ActiveCfg = BuiltWithUnrealBuildTool|Win32
		{CC0D6DEB-DAE9-4024-B94A-DD39620D08AE}.DebugGame|Android.ActiveCfg = BuiltWithUnrealBuildTool|Win32
		{CC0D6DEB-DAE9-4024-B94A-DD39620D08AE}.DebugGame|IOS.ActiveCfg = BuiltWithUnrealBuildTool|Win32
		{CC0D6DEB-DAE9-4024-B94A-DD39620D08AE}.DebugGame|Win32.ActiveCfg = BuiltWithUnrealBuildTool|Win32
		{CC0D6DEB-DAE9-4024-B94A-DD39620D08AE}.DebugGame|Win64.ActiveCfg = BuiltWithUnrealBuildTool|Win32
		{CC0D6DEB-DAE9-4024-B94A-DD39620D08AE}.Development Editor|Android.ActiveCfg = BuiltWithUnrealBuildTool|Win32
		{CC0D6DEB-DAE9-4024-B94A-DD39620D08AE}.Development Editor|IOS.ActiveCfg = BuiltWithUnrealBuildTool|Win32
		{CC0D6DEB-DAE9-4024-B94A-DD39620D08AE}.Development Editor|Win32.ActiveCfg = BuiltWithUnrealBuildTool|Win32
		{CC0D6DEB-DAE9-4024-B94A-DD39620D08AE}.Development Editor|Win64.ActiveCfg = BuiltWithUnrealBuildTool|Win32
		{CC0D6DEB-DAE9-4024-B94A-DD39620D08AE}.Development|Android.ActiveCfg = BuiltWithUnrealBuildTool|Win32
		{CC0D6DEB-DAE9-4024-B94A-DD39620D08AE}.Development|IOS.ActiveCfg = BuiltWithUnrealBuildTool|Win32
		{CC0D6DEB-DAE9-4024-B94A-DD39620D08AE}.Development|Win32.ActiveCfg = BuiltWithUnrealBuildTool|Win32
		{CC0D6DEB-DAE9-4024-B94A-DD39620D08AE}.Development|Win64.ActiveCfg = BuiltWithUnrealBuildTool|Win32
		{CC0D6DEB-DAE9-4024-B94A-DD39620D08AE}.Shipping|Android.ActiveCfg = BuiltWithUnrealBuildTool|Win32
		{CC0D6DEB-DAE9-4024-B94A-DD39620D08AE}.Shipping|IOS.ActiveCfg = BuiltWithUnrealBuildTool|Win32
		{CC0D6DEB-DAE9-4024-B94A-DD39620D08AE}.Shipping|Win32.ActiveCfg = BuiltWithUnrealBuildTool|Win32
		{CC0D6DEB-DAE9-4024-B94A-DD39620D08AE}.Shipping|Win64.ActiveCfg = BuiltWithUnrealBuildTool|Win32
		{9B28B434-C01B-49CE-8798-3DBEEA5A9243}.DebugGame Editor|Android.ActiveCfg = Invalid|Win32
		{9B28B434-C01B-49CE-8798-3DBEEA5A9243}.DebugGame Editor|IOS.ActiveCfg = Invalid|Win32
		{9B28B434-C01B-49CE-8798-3DBEEA5A9243}.DebugGame Editor|Win32.ActiveCfg = Invalid|Win32
		{9B28B434-C01B-49CE-8798-3DBEEA5A9243}.DebugGame Editor|Win64.ActiveCfg = DebugGame_Editor|x64
		{9B28B434-C01B-49CE-8798-3DBEEA5A9243}.DebugGame Editor|Win64.Build.0 = DebugGame_Editor|x64
		{9B28B434-C01B-49CE-8798-3DBEEA5A9243}.DebugGame|Android.ActiveCfg = Android_DebugGame|Win32
		{9B28B434-C01B-49CE-8798-3DBEEA5A9243}.DebugGame|Android.Build.0 = Android_DebugGame|Win32
		{9B28B434-C01B-49CE-8798-3DBEEA5A9243}.DebugGame|IOS.ActiveCfg = IOS_DebugGame|Win32
		{9B28B434-C01B-49CE-8798-3DBEEA5A9243}.DebugGame|IOS.Build.0 = IOS_DebugGame|Win32
		{9B28B434-C01B-49CE-8798-3DBEEA5A9243}.DebugGame|Win32.ActiveCfg = DebugGame|Win32
		{9B28B434-C01B-49CE-8798-3DBEEA5A9243}.DebugGame|Win32.Build.0 = DebugGame|Win32
		{9B28B434-C01B-49CE-8798-3DBEEA5A9243}.DebugGame|Win64.ActiveCfg = DebugGame|x64
		{9B28B434-C01B-49CE-8798-3DBEEA5A9243}.DebugGame|Win64.Build.0 = DebugGame|x64
		{9B28B434-C01B-49CE-8798-3DBEEA5A9243}.Development Editor|Android.ActiveCfg = Invalid|Win32
		{9B28B434-C01B-49CE-8798-3DBEEA5A9243}.Development Editor|IOS.ActiveCfg = Invalid|Win32
		{9B28B434-C01B-49CE-8798-3DBEEA5A9243}.Development Editor|Win32.ActiveCfg = Invalid|Win32
		{9B28B434-C01B-49CE-8798-3DBEEA5A9243}.Development Editor|Win64.ActiveCfg = Development_Editor|x64
		{9B28B434-C01B-49CE-8798-3DBEEA5A9243}.Development Editor|Win64.Build.0 = Development_Editor|x64
		{9B28B434-C01B-49CE-8798-3DBEEA5A9243}.Development|Android.ActiveCfg = Android_Development|Win32
		{9B28B434-C01B-49CE-8798-3DBEEA5A9243}.Development|Android.Build.0 = Android_Development|Win32
		{9B28B434-C01B-49CE-8798-3DBEEA5A9243}.Development|IOS.ActiveCfg = IOS_Development|Win32
		{9B28B434-C01B-49CE-8798-3DBEEA5A9243}.Development|IOS.Build.0 = IOS_Development|Win32
		{9B28B434-C01B-49CE-8798-3DBEEA5A9243}.Development|Win32.ActiveCfg = Development|Win32
		{9B28B434-C01B-49CE-8798-3DBEEA5A9243}.Development|Win32.Build.0 = Development|Win32
		{9B28B434-C01B-49CE-8798-3DBEEA5A9243}.Development|Win64.ActiveCfg = Development|x64
		{9B28B434-C01B-49CE-8798-3DBEEA5A9243}.Development|Win64.Build.0 = Development|x64
		{9B28B434-C01B-49CE-8798-3DBEEA5A9243}.Shipping|Android.ActiveCfg = Android_Shipping|Win32
		{9B28B434-C01B-49CE-8798-3DBEEA5A9243}.Shipping|Android.Build.0 = Android_Shipping|Win32
		{9B28B434-C01B-49CE-8798-3DBEEA5A9243}.Shipping|IOS.ActiveCfg = IOS_Shipping|Win32
		{9B28B434-C01B-49CE-8798-3DBEEA5A9243}.Shipping|IOS.Build.0 = IOS_Shipping|Win32
		{9B28B434-C01B-49CE-8798-3DBEEA5A9243}.Shipping|Win32.ActiveCfg = Shipping|Win32
		{9B28B434-C01B-49CE-8798-3DBEEA5A9243}.Shipping|Win32.Build.0 = Shipping|Win32
		{9B28B434-C01B-49CE-8798-3DBEEA5A9243}.Shipping|Win64.ActiveCfg = Shipping|x64
		{9B28B434-C01B-49CE-8798-3DBEEA5A9243}.Shipping|Win64.Build.0 = Shipping|x64
	EndGlobalSection
	GlobalSection(SolutionProperties) = preSolution
		HideSolutionNode = FALSE
	EndGlobalSection
	GlobalSection(NestedProjects) = preSolution
		{CC0D6DEB-DAE9-4024-B94A-DD39620D08AE} = {CF5CDEFA-CA79-47CF-9AC8-CB5EF44357EB}
		{9B28B434-C01B-49CE-8798-3DBEEA5A9243} = {9D18742B-F103-4784-85BF-533BD8550F73}
	EndGlobalSection
EndGlobal
