
Microsoft Visual Studio Solution File, Format Version 12.00
# Visual Studio 15
VisualStudioVersion = 15.0.25807.0
MinimumVisualStudioVersion = 10.0.40219.1
Project("{2150E333-8FDC-42A3-9474-1A3956D46DE8}") = "Engine", "Engine", "{06A31494-D64E-4F9F-A769-2B3BC6F776B5}"
EndProject
Project("{2150E333-8FDC-42A3-9474-1A3956D46DE8}") = "Games", "Games", "{DA97AB65-C55D-4D75-B5CE-6FA2EBE24BC2}"
EndProject
Project("{8BC9CEB8-8B4A-11D0-8D11-00A0C91BC942}") = "UE4", "Intermediate\ProjectFiles\UE4.vcxproj", "{AB219BAD-7DAE-41BF-ACD5-443795049BDD}"
EndProject
Project("{8BC9CEB8-8B4A-11D0-8D11-00A0C91BC942}") = "StoneDefence", "Intermediate\ProjectFiles\StoneDefence.vcxproj", "{FEB70054-0E6C-46FC-9011-ABABA5BF514E}"
EndProject
Project("{2150E333-8FDC-42A3-9474-1A3956D46DE8}") = "Visualizers", "Visualizers", "{3D25D5CB-54FF-480F-AE4C-7CF4C72A4D58}"
	ProjectSection(SolutionItems) = preProject
		..\..\..\..\Program Files\Epic Games\UE_4.24\Engine\Extras\VisualStudioDebugging\UE4.natvis = ..\..\..\..\Program Files\Epic Games\UE_4.24\Engine\Extras\VisualStudioDebugging\UE4.natvis
	EndProjectSection
EndProject
Global
	GlobalSection(SolutionConfigurationPlatforms) = preSolution
		DebugGame Editor|Android = DebugGame Editor|Android
		DebugGame Editor|IOS = DebugGame Editor|IOS
		DebugGame Editor|Win32 = DebugGame Editor|Win32
		DebugGame Editor|Win64 = DebugGame Editor|Win64
		DebugGame|Android = DebugGame|Android
		DebugGame|IOS = DebugGame|IOS
		DebugGame|Win32 = DebugGame|Win32
		DebugGame|Win64 = DebugGame|Win64
		Development Editor|Android = Development Editor|Android
		Development Editor|IOS = Development Editor|IOS
		Development Editor|Win32 = Development Editor|Win32
		Development Editor|Win64 = Development Editor|Win64
		Development|Android = Development|Android
		Development|IOS = Development|IOS
		Development|Win32 = Development|Win32
		Development|Win64 = Development|Win64
		Shipping|Android = Shipping|Android
		Shipping|IOS = Shipping|IOS
		Shipping|Win32 = Shipping|Win32
		Shipping|Win64 = Shipping|Win64
	EndGlobalSection
	GlobalSection(ProjectConfigurationPlatforms) = postSolution
		{AB219BAD-7DAE-41BF-ACD5-443795049BDD}.DebugGame Editor|Android.ActiveCfg = BuiltWithUnrealBuildTool|Win32
		{AB219BAD-7DAE-41BF-ACD5-443795049BDD}.DebugGame Editor|IOS.ActiveCfg = BuiltWithUnrealBuildTool|Win32
		{AB219BAD-7DAE-41BF-ACD5-443795049BDD}.DebugGame Editor|Win32.ActiveCfg = BuiltWithUnrealBuildTool|Win32
		{AB219BAD-7DAE-41BF-ACD5-443795049BDD}.DebugGame Editor|Win64.ActiveCfg = BuiltWithUnrealBuildTool|Win32
		{AB219BAD-7DAE-41BF-ACD5-443795049BDD}.DebugGame|Android.ActiveCfg = BuiltWithUnrealBuildTool|Win32
		{AB219BAD-7DAE-41BF-ACD5-443795049BDD}.DebugGame|IOS.ActiveCfg = BuiltWithUnrealBuildTool|Win32
		{AB219BAD-7DAE-41BF-ACD5-443795049BDD}.DebugGame|Win32.ActiveCfg = BuiltWithUnrealBuildTool|Win32
		{AB219BAD-7DAE-41BF-ACD5-443795049BDD}.DebugGame|Win64.ActiveCfg = BuiltWithUnrealBuildTool|Win32
		{AB219BAD-7DAE-41BF-ACD5-443795049BDD}.Development Editor|Android.ActiveCfg = BuiltWithUnrealBuildTool|Win32
		{AB219BAD-7DAE-41BF-ACD5-443795049BDD}.Development Editor|IOS.ActiveCfg = BuiltWithUnrealBuildTool|Win32
		{AB219BAD-7DAE-41BF-ACD5-443795049BDD}.Development Editor|Win32.ActiveCfg = BuiltWithUnrealBuildTool|Win32
		{AB219BAD-7DAE-41BF-ACD5-443795049BDD}.Development Editor|Win64.ActiveCfg = BuiltWithUnrealBuildTool|Win32
		{AB219BAD-7DAE-41BF-ACD5-443795049BDD}.Development|Android.ActiveCfg = BuiltWithUnrealBuildTool|Win32
		{AB219BAD-7DAE-41BF-ACD5-443795049BDD}.Development|IOS.ActiveCfg = BuiltWithUnrealBuildTool|Win32
		{AB219BAD-7DAE-41BF-ACD5-443795049BDD}.Development|Win32.ActiveCfg = BuiltWithUnrealBuildTool|Win32
		{AB219BAD-7DAE-41BF-ACD5-443795049BDD}.Development|Win64.ActiveCfg = BuiltWithUnrealBuildTool|Win32
		{AB219BAD-7DAE-41BF-ACD5-443795049BDD}.Shipping|Android.ActiveCfg = BuiltWithUnrealBuildTool|Win32
		{AB219BAD-7DAE-41BF-ACD5-443795049BDD}.Shipping|IOS.ActiveCfg = BuiltWithUnrealBuildTool|Win32
		{AB219BAD-7DAE-41BF-ACD5-443795049BDD}.Shipping|Win32.ActiveCfg = BuiltWithUnrealBuildTool|Win32
		{AB219BAD-7DAE-41BF-ACD5-443795049BDD}.Shipping|Win64.ActiveCfg = BuiltWithUnrealBuildTool|Win32
		{FEB70054-0E6C-46FC-9011-ABABA5BF514E}.DebugGame Editor|Android.ActiveCfg = Invalid|Win32
		{FEB70054-0E6C-46FC-9011-ABABA5BF514E}.DebugGame Editor|IOS.ActiveCfg = Invalid|Win32
		{FEB70054-0E6C-46FC-9011-ABABA5BF514E}.DebugGame Editor|Win32.ActiveCfg = Invalid|Win32
		{FEB70054-0E6C-46FC-9011-ABABA5BF514E}.DebugGame Editor|Win64.ActiveCfg = DebugGame_Editor|x64
		{FEB70054-0E6C-46FC-9011-ABABA5BF514E}.DebugGame Editor|Win64.Build.0 = DebugGame_Editor|x64
		{FEB70054-0E6C-46FC-9011-ABABA5BF514E}.DebugGame|Android.ActiveCfg = Android_DebugGame|Win32
		{FEB70054-0E6C-46FC-9011-ABABA5BF514E}.DebugGame|Android.Build.0 = Android_DebugGame|Win32
		{FEB70054-0E6C-46FC-9011-ABABA5BF514E}.DebugGame|IOS.ActiveCfg = IOS_DebugGame|Win32
		{FEB70054-0E6C-46FC-9011-ABABA5BF514E}.DebugGame|IOS.Build.0 = IOS_DebugGame|Win32
		{FEB70054-0E6C-46FC-9011-ABABA5BF514E}.DebugGame|Win32.ActiveCfg = DebugGame|Win32
		{FEB70054-0E6C-46FC-9011-ABABA5BF514E}.DebugGame|Win32.Build.0 = DebugGame|Win32
		{FEB70054-0E6C-46FC-9011-ABABA5BF514E}.DebugGame|Win64.ActiveCfg = DebugGame|x64
		{FEB70054-0E6C-46FC-9011-ABABA5BF514E}.DebugGame|Win64.Build.0 = DebugGame|x64
		{FEB70054-0E6C-46FC-9011-ABABA5BF514E}.Development Editor|Android.ActiveCfg = Invalid|Win32
		{FEB70054-0E6C-46FC-9011-ABABA5BF514E}.Development Editor|IOS.ActiveCfg = Invalid|Win32
		{FEB70054-0E6C-46FC-9011-ABABA5BF514E}.Development Editor|Win32.ActiveCfg = Invalid|Win32
		{FEB70054-0E6C-46FC-9011-ABABA5BF514E}.Development Editor|Win64.ActiveCfg = Development_Editor|x64
		{FEB70054-0E6C-46FC-9011-ABABA5BF514E}.Development Editor|Win64.Build.0 = Development_Editor|x64
		{FEB70054-0E6C-46FC-9011-ABABA5BF514E}.Development|Android.ActiveCfg = Android_Development|Win32
		{FEB70054-0E6C-46FC-9011-ABABA5BF514E}.Development|Android.Build.0 = Android_Development|Win32
		{FEB70054-0E6C-46FC-9011-ABABA5BF514E}.Development|IOS.ActiveCfg = IOS_Development|Win32
		{FEB70054-0E6C-46FC-9011-ABABA5BF514E}.Development|IOS.Build.0 = IOS_Development|Win32
		{FEB70054-0E6C-46FC-9011-ABABA5BF514E}.Development|Win32.ActiveCfg = Development|Win32
		{FEB70054-0E6C-46FC-9011-ABABA5BF514E}.Development|Win32.Build.0 = Development|Win32
		{FEB70054-0E6C-46FC-9011-ABABA5BF514E}.Development|Win64.ActiveCfg = Development|x64
		{FEB70054-0E6C-46FC-9011-ABABA5BF514E}.Development|Win64.Build.0 = Development|x64
		{FEB70054-0E6C-46FC-9011-ABABA5BF514E}.Shipping|Android.ActiveCfg = Android_Shipping|Win32
		{FEB70054-0E6C-46FC-9011-ABABA5BF514E}.Shipping|Android.Build.0 = Android_Shipping|Win32
		{FEB70054-0E6C-46FC-9011-ABABA5BF514E}.Shipping|IOS.ActiveCfg = IOS_Shipping|Win32
		{FEB70054-0E6C-46FC-9011-ABABA5BF514E}.Shipping|IOS.Build.0 = IOS_Shipping|Win32
		{FEB70054-0E6C-46FC-9011-ABABA5BF514E}.Shipping|Win32.ActiveCfg = Shipping|Win32
		{FEB70054-0E6C-46FC-9011-ABABA5BF514E}.Shipping|Win32.Build.0 = Shipping|Win32
		{FEB70054-0E6C-46FC-9011-ABABA5BF514E}.Shipping|Win64.ActiveCfg = Shipping|x64
		{FEB70054-0E6C-46FC-9011-ABABA5BF514E}.Shipping|Win64.Build.0 = Shipping|x64
	EndGlobalSection
	GlobalSection(SolutionProperties) = preSolution
		HideSolutionNode = FALSE
	EndGlobalSection
	GlobalSection(NestedProjects) = preSolution
		{AB219BAD-7DAE-41BF-ACD5-443795049BDD} = {06A31494-D64E-4F9F-A769-2B3BC6F776B5}
		{FEB70054-0E6C-46FC-9011-ABABA5BF514E} = {DA97AB65-C55D-4D75-B5CE-6FA2EBE24BC2}
	EndGlobalSection
EndGlobal
